
Microsoft Visual Studio Solution File, Format Version 12.00
# Visual Studio Version 16
VisualStudioVersion = 16.0.30717.126
MinimumVisualStudioVersion = 10.0.40219.1
Project("{FAE04EC0-301F-11D3-BF4B-00C04F79EFBC}") = "Eye-save", "Eye-save\Eye-save.csproj", "{1326CEF4-C079-42E2-8CB4-C7E2BF339933}"
EndProject
Project("{2150E333-8FDC-42A3-9474-1A3956D46DE8}") = "images", "images", "{A4DDBA16-5DFD-4355-B21B-264D3A80C742}"
	ProjectSection(SolutionItems) = preProject
		..\..\..\Desktop\Демо-экзамен\Общие ресурсы\Eye-save.png = ..\..\..\Desktop\Демо-экзамен\Общие ресурсы\Eye-save.png
	EndProjectSection
EndProject
Global
	GlobalSection(SolutionConfigurationPlatforms) = preSolution
		Debug|Any CPU = Debug|Any CPU
		Release|Any CPU = Release|Any CPU
	EndGlobalSection
	GlobalSection(ProjectConfigurationPlatforms) = postSolution
		{1326CEF4-C079-42E2-8CB4-C7E2BF339933}.Debug|Any CPU.ActiveCfg = Debug|Any CPU
		{1326CEF4-C079-42E2-8CB4-C7E2BF339933}.Debug|Any CPU.Build.0 = Debug|Any CPU
		{1326CEF4-C079-42E2-8CB4-C7E2BF339933}.Release|Any CPU.ActiveCfg = Release|Any CPU
		{1326CEF4-C079-42E2-8CB4-C7E2BF339933}.Release|Any CPU.Build.0 = Release|Any CPU
	EndGlobalSection
	GlobalSection(SolutionProperties) = preSolution
		HideSolutionNode = FALSE
	EndGlobalSection
	GlobalSection(ExtensibilityGlobals) = postSolution
		SolutionGuid = {629098A1-75E3-4FB8-90A1-76AAD768E2E2}
	EndGlobalSection
EndGlobal
